// !$*UTF8*$!
{
	archiveVersion = 1;
	classes = {
	};
	objectVersion = 56;
	objects = {

/* Begin PBXBuildFile section */
		876F9F392CED8A1D00B7894E /* iExpense_SwiftDataApp.swift in Sources */ = {isa = PBXBuildFile; fileRef = 876F9F382CED8A1D00B7894E /* iExpense_SwiftDataApp.swift */; };
		876F9F3B2CED8A1D00B7894E /* ContentView.swift in Sources */ = {isa = PBXBuildFile; fileRef = 876F9F3A2CED8A1D00B7894E /* ContentView.swift */; };
		876F9F3D2CED8A1E00B7894E /* Assets.xcassets in Resources */ = {isa = PBXBuildFile; fileRef = 876F9F3C2CED8A1E00B7894E /* Assets.xcassets */; };
		876F9F402CED8A1E00B7894E /* Preview Assets.xcassets in Resources */ = {isa = PBXBuildFile; fileRef = 876F9F3F2CED8A1E00B7894E /* Preview Assets.xcassets */; };
		876F9F472CED8A6B00B7894E /* AddView.swift in Sources */ = {isa = PBXBuildFile; fileRef = 876F9F462CED8A6B00B7894E /* AddView.swift */; };
		876F9F492CED8AA100B7894E /* ExpensItem.swift in Sources */ = {isa = PBXBuildFile; fileRef = 876F9F482CED8AA100B7894E /* ExpensItem.swift */; };
		876F9F4B2CEDB71300B7894E /* PrivateExpView.swift in Sources */ = {isa = PBXBuildFile; fileRef = 876F9F4A2CEDB71300B7894E /* PrivateExpView.swift */; };
		876F9F4D2CEDB72200B7894E /* BussinessExpView.swift in Sources */ = {isa = PBXBuildFile; fileRef = 876F9F4C2CEDB72200B7894E /* BussinessExpView.swift */; };
/* End PBXBuildFile section */

/* Begin PBXFileReference section */
		876F9F352CED8A1D00B7894E /* iExpense_SwiftData.app */ = {isa = PBXFileReference; explicitFileType = wrapper.application; includeInIndex = 0; path = iExpense_SwiftData.app; sourceTree = BUILT_PRODUCTS_DIR; };
		876F9F382CED8A1D00B7894E /* iExpense_SwiftDataApp.swift */ = {isa = PBXFileReference; lastKnownFileType = sourcecode.swift; path = iExpense_SwiftDataApp.swift; sourceTree = "<group>"; };
		876F9F3A2CED8A1D00B7894E /* ContentView.swift */ = {isa = PBXFileReference; lastKnownFileType = sourcecode.swift; path = ContentView.swift; sourceTree = "<group>"; };
		876F9F3C2CED8A1E00B7894E /* Assets.xcassets */ = {isa = PBXFileReference; lastKnownFileType = folder.assetcatalog; path = Assets.xcassets; sourceTree = "<group>"; };
		876F9F3F2CED8A1E00B7894E /* Preview Assets.xcassets */ = {isa = PBXFileReference; lastKnownFileType = folder.assetcatalog; path = "Preview Assets.xcassets"; sourceTree = "<group>"; };
		876F9F462CED8A6B00B7894E /* AddView.swift */ = {isa = PBXFileReference; lastKnownFileType = sourcecode.swift; path = AddView.swift; sourceTree = "<group>"; };
		876F9F482CED8AA100B7894E /* ExpensItem.swift */ = {isa = PBXFileReference; lastKnownFileType = sourcecode.swift; path = ExpensItem.swift; sourceTree = "<group>"; };
		876F9F4A2CEDB71300B7894E /* PrivateExpView.swift */ = {isa = PBXFileReference; lastKnownFileType = sourcecode.swift; path = PrivateExpView.swift; sourceTree = "<group>"; };
		876F9F4C2CEDB72200B7894E /* BussinessExpView.swift */ = {isa = PBXFileReference; lastKnownFileType = sourcecode.swift; path = BussinessExpView.swift; sourceTree = "<group>"; };
/* End PBXFileReference section */

/* Begin PBXFrameworksBuildPhase section */
		876F9F322CED8A1D00B7894E /* Frameworks */ = {
			isa = PBXFrameworksBuildPhase;
			buildActionMask = 2147483647;
			files = (
			);
			runOnlyForDeploymentPostprocessing = 0;
		};
/* End PBXFrameworksBuildPhase section */

/* Begin PBXGroup section */
		876F9F2C2CED8A1D00B7894E = {
			isa = PBXGroup;
			children = (
				876F9F372CED8A1D00B7894E /* iExpense_SwiftData */,
				876F9F362CED8A1D00B7894E /* Products */,
			);
			sourceTree = "<group>";
		};
		876F9F362CED8A1D00B7894E /* Products */ = {
			isa = PBXGroup;
			children = (
				876F9F352CED8A1D00B7894E /* iExpense_SwiftData.app */,
			);
			name = Products;
			sourceTree = "<group>";
		};
		876F9F372CED8A1D00B7894E /* iExpense_SwiftData */ = {
			isa = PBXGroup;
			children = (
				876F9F382CED8A1D00B7894E /* iExpense_SwiftDataApp.swift */,
				876F9F4C2CEDB72200B7894E /* BussinessExpView.swift */,
				876F9F4A2CEDB71300B7894E /* PrivateExpView.swift */,
				876F9F3A2CED8A1D00B7894E /* ContentView.swift */,
				876F9F462CED8A6B00B7894E /* AddView.swift */,
				876F9F482CED8AA100B7894E /* ExpensItem.swift */,
				876F9F3C2CED8A1E00B7894E /* Assets.xcassets */,
				876F9F3E2CED8A1E00B7894E /* Preview Content */,
			);
			path = iExpense_SwiftData;
			sourceTree = "<group>";
		};
		876F9F3E2CED8A1E00B7894E /* Preview Content */ = {
			isa = PBXGroup;
			children = (
				876F9F3F2CED8A1E00B7894E /* Preview Assets.xcassets */,
			);
			path = "Preview Content";
			sourceTree = "<group>";
		};
/* End PBXGroup section */

/* Begin PBXNativeTarget section */
		876F9F342CED8A1D00B7894E /* iExpense_SwiftData */ = {
			isa = PBXNativeTarget;
			buildConfigurationList = 876F9F432CED8A1E00B7894E /* Build configuration list for PBXNativeTarget "iExpense_SwiftData" */;
			buildPhases = (
				876F9F312CED8A1D00B7894E /* Sources */,
				876F9F322CED8A1D00B7894E /* Frameworks */,
				876F9F332CED8A1D00B7894E /* Resources */,
			);
			buildRules = (
			);
			dependencies = (
			);
			name = iExpense_SwiftData;
			productName = iExpense_SwiftData;
			productReference = 876F9F352CED8A1D00B7894E /* iExpense_SwiftData.app */;
			productType = "com.apple.product-type.application";
		};
/* End PBXNativeTarget section */

/* Begin PBXProject section */
		876F9F2D2CED8A1D00B7894E /* Project object */ = {
			isa = PBXProject;
			attributes = {
				BuildIndependentTargetsInParallel = 1;
				LastSwiftUpdateCheck = 1540;
				LastUpgradeCheck = 1540;
				TargetAttributes = {
					876F9F342CED8A1D00B7894E = {
						CreatedOnToolsVersion = 15.4;
					};
				};
			};
			buildConfigurationList = 876F9F302CED8A1D00B7894E /* Build configuration list for PBXProject "iExpense_SwiftData" */;
			compatibilityVersion = "Xcode 14.0";
			developmentRegion = en;
			hasScannedForEncodings = 0;
			knownRegions = (
				en,
				Base,
			);
			mainGroup = 876F9F2C2CED8A1D00B7894E;
			productRefGroup = 876F9F362CED8A1D00B7894E /* Products */;
			projectDirPath = "";
			projectRoot = "";
			targets = (
				876F9F342CED8A1D00B7894E /* iExpense_SwiftData */,
			);
		};
/* End PBXProject section */

/* Begin PBXResourcesBuildPhase section */
		876F9F332CED8A1D00B7894E /* Resources */ = {
			isa = PBXResourcesBuildPhase;
			buildActionMask = 2147483647;
			files = (
				876F9F402CED8A1E00B7894E /* Preview Assets.xcassets in Resources */,
				876F9F3D2CED8A1E00B7894E /* Assets.xcassets in Resources */,
			);
			runOnlyForDeploymentPostprocessing = 0;
		};
/* End PBXResourcesBuildPhase section */

/* Begin PBXSourcesBuildPhase section */
		876F9F312CED8A1D00B7894E /* Sources */ = {
			isa = PBXSourcesBuildPhase;
			buildActionMask = 2147483647;
			files = (
				876F9F4D2CEDB72200B7894E /* BussinessExpView.swift in Sources */,
				876F9F3B2CED8A1D00B7894E /* ContentView.swift in Sources */,
				876F9F492CED8AA100B7894E /* ExpensItem.swift in Sources */,
				876F9F4B2CEDB71300B7894E /* PrivateExpView.swift in Sources */,
				876F9F392CED8A1D00B7894E /* iExpense_SwiftDataApp.swift in Sources */,
				876F9F472CED8A6B00B7894E /* AddView.swift in Sources */,
			);
			runOnlyForDeploymentPostprocessing = 0;
		};
/* End PBXSourcesBuildPhase section */

/* Begin XCBuildConfiguration section */
		876F9F412CED8A1E00B7894E /* Debug */ = {
			isa = XCBuildConfiguration;
			buildSettings = {
				ALWAYS_SEARCH_USER_PATHS = NO;
				ASSETCATALOG_COMPILER_GENERATE_SWIFT_ASSET_SYMBOL_EXTENSIONS = YES;
				CLANG_ANALYZER_NONNULL = YES;
				CLANG_ANALYZER_NUMBER_OBJECT_CONVERSION = YES_AGGRESSIVE;
				CLANG_CXX_LANGUAGE_STANDARD = "gnu++20";
				CLANG_ENABLE_MODULES = YES;
				CLANG_ENABLE_OBJC_ARC = YES;
				CLANG_ENABLE_OBJC_WEAK = YES;
				CLANG_WARN_BLOCK_CAPTURE_AUTORELEASING = YES;
				CLANG_WARN_BOOL_CONVERSION = YES;
				CLANG_WARN_COMMA = YES;
				CLANG_WARN_CONSTANT_CONVERSION = YES;
				CLANG_WARN_DEPRECATED_OBJC_IMPLEMENTATIONS = YES;
				CLANG_WARN_DIRECT_OBJC_ISA_USAGE = YES_ERROR;
				CLANG_WARN_DOCUMENTATION_COMMENTS = YES;
				CLANG_WARN_EMPTY_BODY = YES;
				CLANG_WARN_ENUM_CONVERSION = YES;
				CLANG_WARN_INFINITE_RECURSION = YES;
				CLANG_WARN_INT_CONVERSION = YES;
				CLANG_WARN_NON_LITERAL_NULL_CONVERSION = YES;
				CLANG_WARN_OBJC_IMPLICIT_RETAIN_SELF = YES;
				CLANG_WARN_OBJC_LITERAL_CONVERSION = YES;
				CLANG_WARN_OBJC_ROOT_CLASS = YES_ERROR;
				CLANG_WARN_QUOTED_INCLUDE_IN_FRAMEWORK_HEADER = YES;
				CLANG_WARN_RANGE_LOOP_ANALYSIS = YES;
				CLANG_WARN_STRICT_PROTOTYPES = YES;
				CLANG_WARN_SUSPICIOUS_MOVE = YES;
				CLANG_WARN_UNGUARDED_AVAILABILITY = YES_AGGRESSIVE;
				CLANG_WARN_UNREACHABLE_CODE = YES;
				CLANG_WARN__DUPLICATE_METHOD_MATCH = YES;
				COPY_PHASE_STRIP = NO;
				DEBUG_INFORMATION_FORMAT = dwarf;
				ENABLE_STRICT_OBJC_MSGSEND = YES;
				ENABLE_TESTABILITY = YES;
				ENABLE_USER_SCRIPT_SANDBOXING = YES;
				GCC_C_LANGUAGE_STANDARD = gnu17;
				GCC_DYNAMIC_NO_PIC = NO;
				GCC_NO_COMMON_BLOCKS = YES;
				GCC_OPTIMIZATION_LEVEL = 0;
				GCC_PREPROCESSOR_DEFINITIONS = (
					"DEBUG=1",
					"$(inherited)",
				);
				GCC_WARN_64_TO_32_BIT_CONVERSION = YES;
				GCC_WARN_ABOUT_RETURN_TYPE = YES_ERROR;
				GCC_WARN_UNDECLARED_SELECTOR = YES;
				GCC_WARN_UNINITIALIZED_AUTOS = YES_AGGRESSIVE;
				GCC_WARN_UNUSED_FUNCTION = YES;
				GCC_WARN_UNUSED_VARIABLE = YES;
				IPHONEOS_DEPLOYMENT_TARGET = 17.5;
				LOCALIZATION_PREFERS_STRING_CATALOGS = YES;
				MTL_ENABLE_DEBUG_INFO = INCLUDE_SOURCE;
				MTL_FAST_MATH = YES;
				ONLY_ACTIVE_ARCH = YES;
				SDKROOT = iphoneos;
				SWIFT_ACTIVE_COMPILATION_CONDITIONS = "DEBUG $(inherited)";
				SWIFT_OPTIMIZATION_LEVEL = "-Onone";
			};
			name = Debug;
		};
		876F9F422CED8A1E00B7894E /* Release */ = {
			isa = XCBuildConfiguration;
			buildSettings = {
				ALWAYS_SEARCH_USER_PATHS = NO;
				ASSETCATALOG_COMPILER_GENERATE_SWIFT_ASSET_SYMBOL_EXTENSIONS = YES;
				CLANG_ANALYZER_NONNULL = YES;
				CLANG_ANALYZER_NUMBER_OBJECT_CONVERSION = YES_AGGRESSIVE;
				CLANG_CXX_LANGUAGE_STANDARD = "gnu++20";
				CLANG_ENABLE_MODULES = YES;
				CLANG_ENABLE_OBJC_ARC = YES;
				CLANG_ENABLE_OBJC_WEAK = YES;
				CLANG_WARN_BLOCK_CAPTURE_AUTORELEASING = YES;
				CLANG_WARN_BOOL_CONVERSION = YES;
				CLANG_WARN_COMMA = YES;
				CLANG_WARN_CONSTANT_CONVERSION = YES;
				CLANG_WARN_DEPRECATED_OBJC_IMPLEMENTATIONS = YES;
				CLANG_WARN_DIRECT_OBJC_ISA_USAGE = YES_ERROR;
				CLANG_WARN_DOCUMENTATION_COMMENTS = YES;
				CLANG_WARN_EMPTY_BODY = YES;
				CLANG_WARN_ENUM_CONVERSION = YES;
				CLANG_WARN_INFINITE_RECURSION = YES;
				CLANG_WARN_INT_CONVERSION = YES;
				CLANG_WARN_NON_LITERAL_NULL_CONVERSION = YES;
				CLANG_WARN_OBJC_IMPLICIT_RETAIN_SELF = YES;
				CLANG_WARN_OBJC_LITERAL_CONVERSION = YES;
				CLANG_WARN_OBJC_ROOT_CLASS = YES_ERROR;
				CLANG_WARN_QUOTED_INCLUDE_IN_FRAMEWORK_HEADER = YES;
				CLANG_WARN_RANGE_LOOP_ANALYSIS = YES;
				CLANG_WARN_STRICT_PROTOTYPES = YES;
				CLANG_WARN_SUSPICIOUS_MOVE = YES;
				CLANG_WARN_UNGUARDED_AVAILABILITY = YES_AGGRESSIVE;
				CLANG_WARN_UNREACHABLE_CODE = YES;
				CLANG_WARN__DUPLICATE_METHOD_MATCH = YES;
				COPY_PHASE_STRIP = NO;
				DEBUG_INFORMATION_FORMAT = "dwarf-with-dsym";
				ENABLE_NS_ASSERTIONS = NO;
				ENABLE_STRICT_OBJC_MSGSEND = YES;
				ENABLE_USER_SCRIPT_SANDBOXING = YES;
				GCC_C_LANGUAGE_STANDARD = gnu17;
				GCC_NO_COMMON_BLOCKS = YES;
				GCC_WARN_64_TO_32_BIT_CONVERSION = YES;
				GCC_WARN_ABOUT_RETURN_TYPE = YES_ERROR;
				GCC_WARN_UNDECLARED_SELECTOR = YES;
				GCC_WARN_UNINITIALIZED_AUTOS = YES_AGGRESSIVE;
				GCC_WARN_UNUSED_FUNCTION = YES;
				GCC_WARN_UNUSED_VARIABLE = YES;
				IPHONEOS_DEPLOYMENT_TARGET = 17.5;
				LOCALIZATION_PREFERS_STRING_CATALOGS = YES;
				MTL_ENABLE_DEBUG_INFO = NO;
				MTL_FAST_MATH = YES;
				SDKROOT = iphoneos;
				SWIFT_COMPILATION_MODE = wholemodule;
				VALIDATE_PRODUCT = YES;
			};
			name = Release;
		};
		876F9F442CED8A1E00B7894E /* Debug */ = {
			isa = XCBuildConfiguration;
			buildSettings = {
				ASSETCATALOG_COMPILER_APPICON_NAME = AppIcon;
				ASSETCATALOG_COMPILER_GLOBAL_ACCENT_COLOR_NAME = AccentColor;
				CODE_SIGN_STYLE = Automatic;
				CURRENT_PROJECT_VERSION = 1;
				DEVELOPMENT_ASSET_PATHS = "\"iExpense_SwiftData/Preview Content\"";
				DEVELOPMENT_TEAM = 438WRPQ58J;
				ENABLE_PREVIEWS = YES;
				GENERATE_INFOPLIST_FILE = YES;
				INFOPLIST_KEY_UIApplicationSceneManifest_Generation = YES;
				INFOPLIST_KEY_UIApplicationSupportsIndirectInputEvents = YES;
				INFOPLIST_KEY_UILaunchScreen_Generation = YES;
				INFOPLIST_KEY_UISupportedInterfaceOrientations_iPad = "UIInterfaceOrientationPortrait UIInterfaceOrientationPortraitUpsideDown UIInterfaceOrientationLandscapeLeft UIInterfaceOrientationLandscapeRight";
				INFOPLIST_KEY_UISupportedInterfaceOrientations_iPhone = "UIInterfaceOrientationPortrait UIInterfaceOrientationLandscapeLeft UIInterfaceOrientationLandscapeRight";
				LD_RUNPATH_SEARCH_PATHS = (
					"$(inherited)",
					"@executable_path/Frameworks",
				);
				MARKETING_VERSION = 1.0;
				PRODUCT_BUNDLE_IDENTIFIER = "com.jakub.iExpense-SwiftData";
				PRODUCT_NAME = "$(TARGET_NAME)";
				SWIFT_EMIT_LOC_STRINGS = YES;
				SWIFT_VERSION = 5.0;
				TARGETED_DEVICE_FAMILY = "1,2";
			};
			name = Debug;
		};
		876F9F452CED8A1E00B7894E /* Release */ = {
			isa = XCBuildConfiguration;
			buildSettings = {
				ASSETCATALOG_COMPILER_APPICON_NAME = AppIcon;
				ASSETCATALOG_COMPILER_GLOBAL_ACCENT_COLOR_NAME = AccentColor;
				CODE_SIGN_STYLE = Automatic;
				CURRENT_PROJECT_VERSION = 1;
				DEVELOPMENT_ASSET_PATHS = "\"iExpense_SwiftData/Preview Content\"";
				DEVELOPMENT_TEAM = 438WRPQ58J;
				ENABLE_PREVIEWS = YES;
				GENERATE_INFOPLIST_FILE = YES;
				INFOPLIST_KEY_UIApplicationSceneManifest_Generation = YES;
				INFOPLIST_KEY_UIApplicationSupportsIndirectInputEvents = YES;
				INFOPLIST_KEY_UILaunchScreen_Generation = YES;
				INFOPLIST_KEY_UISupportedInterfaceOrientations_iPad = "UIInterfaceOrientationPortrait UIInterfaceOrientationPortraitUpsideDown UIInterfaceOrientationLandscapeLeft UIInterfaceOrientationLandscapeRight";
				INFOPLIST_KEY_UISupportedInterfaceOrientations_iPhone = "UIInterfaceOrientationPortrait UIInterfaceOrientationLandscapeLeft UIInterfaceOrientationLandscapeRight";
				LD_RUNPATH_SEARCH_PATHS = (
					"$(inherited)",
					"@executable_path/Frameworks",
				);
				MARKETING_VERSION = 1.0;
				PRODUCT_BUNDLE_IDENTIFIER = "com.jakub.iExpense-SwiftData";
				PRODUCT_NAME = "$(TARGET_NAME)";
				SWIFT_EMIT_LOC_STRINGS = YES;
				SWIFT_VERSION = 5.0;
				TARGETED_DEVICE_FAMILY = "1,2";
			};
			name = Release;
		};
/* End XCBuildConfiguration section */

/* Begin XCConfigurationList section */
		876F9F302CED8A1D00B7894E /* Build configuration list for PBXProject "iExpense_SwiftData" */ = {
			isa = XCConfigurationList;
			buildConfigurations = (
				876F9F412CED8A1E00B7894E /* Debug */,
				876F9F422CED8A1E00B7894E /* Release */,
			);
			defaultConfigurationIsVisible = 0;
			defaultConfigurationName = Release;
		};
		876F9F432CED8A1E00B7894E /* Build configuration list for PBXNativeTarget "iExpense_SwiftData" */ = {
			isa = XCConfigurationList;
			buildConfigurations = (
				876F9F442CED8A1E00B7894E /* Debug */,
				876F9F452CED8A1E00B7894E /* Release */,
			);
			defaultConfigurationIsVisible = 0;
			defaultConfigurationName = Release;
		};
/* End XCConfigurationList section */
	};
	rootObject = 876F9F2D2CED8A1D00B7894E /* Project object */;
}
